
Microsoft Visual Studio Solution File, Format Version 12.00
# Visual Studio Version 16
VisualStudioVersion = 16.0.31424.327
MinimumVisualStudioVersion = 10.0.40219.1
Project("{FAE04EC0-301F-11D3-BF4B-00C04F79EFBC}") = "F9Y613_5ODIK", "F9Y613_5ODIK\F9Y613_5ODIK.csproj", "{2AF409E8-BF7B-49DF-8788-4030B51DB2F6}"
EndProject
Global
	GlobalSection(SolutionConfigurationPlatforms) = preSolution
		Debug|Any CPU = Debug|Any CPU
		Release|Any CPU = Release|Any CPU
	EndGlobalSection
	GlobalSection(ProjectConfigurationPlatforms) = postSolution
		{2AF409E8-BF7B-49DF-8788-4030B51DB2F6}.Debug|Any CPU.ActiveCfg = Debug|Any CPU
		{2AF409E8-BF7B-49DF-8788-4030B51DB2F6}.Debug|Any CPU.Build.0 = Debug|Any CPU
		{2AF409E8-BF7B-49DF-8788-4030B51DB2F6}.Release|Any CPU.ActiveCfg = Release|Any CPU
		{2AF409E8-BF7B-49DF-8788-4030B51DB2F6}.Release|Any CPU.Build.0 = Release|Any CPU
	EndGlobalSection
	GlobalSection(SolutionProperties) = preSolution
		HideSolutionNode = FALSE
	EndGlobalSection
	GlobalSection(ExtensibilityGlobals) = postSolution
		SolutionGuid = {ED101587-2208-4E8E-B40E-93FA5DD2D454}
	EndGlobalSection
EndGlobal
