
Microsoft Visual Studio Solution File, Format Version 12.00
# Visual Studio Version 16
VisualStudioVersion = 16.0.31424.327
MinimumVisualStudioVersion = 10.0.40219.1
Project("{FAE04EC0-301F-11D3-BF4B-00C04F79EFBC}") = "week10", "week10\week10.csproj", "{FCEE1BB2-9E5B-44D9-BAF2-7361CE0DE060}"
EndProject
Global
	GlobalSection(SolutionConfigurationPlatforms) = preSolution
		Debug|Any CPU = Debug|Any CPU
		Release|Any CPU = Release|Any CPU
	EndGlobalSection
	GlobalSection(ProjectConfigurationPlatforms) = postSolution
		{FCEE1BB2-9E5B-44D9-BAF2-7361CE0DE060}.Debug|Any CPU.ActiveCfg = Debug|Any CPU
		{FCEE1BB2-9E5B-44D9-BAF2-7361CE0DE060}.Debug|Any CPU.Build.0 = Debug|Any CPU
		{FCEE1BB2-9E5B-44D9-BAF2-7361CE0DE060}.Release|Any CPU.ActiveCfg = Release|Any CPU
		{FCEE1BB2-9E5B-44D9-BAF2-7361CE0DE060}.Release|Any CPU.Build.0 = Release|Any CPU
	EndGlobalSection
	GlobalSection(SolutionProperties) = preSolution
		HideSolutionNode = FALSE
	EndGlobalSection
	GlobalSection(ExtensibilityGlobals) = postSolution
		SolutionGuid = {DD050DAF-83A5-4519-A7AD-C2FF9C9A7681}
	EndGlobalSection
EndGlobal
